
Microsoft Visual Studio Solution File, Format Version 12.00
# Visual Studio Version 17
VisualStudioVersion = 17.5.002.0
MinimumVisualStudioVersion = 10.0.40219.1
Project("{2150E333-8FDC-42A3-9474-1A3956D46DE8}") = "backend", "backend", "{945A1A3F-083B-48BD-B644-0F59143A6D11}"
EndProject
Project("{9A19103F-16F7-4668-BE54-9A1E7A4F7556}") = "api", "backend\api\api.csproj", "{4FBF4FAA-BC18-42B0-AEE7-8412FAE7CF3F}"
EndProject
Global
	GlobalSection(SolutionConfigurationPlatforms) = preSolution
		Debug|Any CPU = Debug|Any CPU
		Release|Any CPU = Release|Any CPU
	EndGlobalSection
	GlobalSection(ProjectConfigurationPlatforms) = postSolution
		{4FBF4FAA-BC18-42B0-AEE7-8412FAE7CF3F}.Debug|Any CPU.ActiveCfg = Debug|Any CPU
		{4FBF4FAA-BC18-42B0-AEE7-8412FAE7CF3F}.Debug|Any CPU.Build.0 = Debug|Any CPU
		{4FBF4FAA-BC18-42B0-AEE7-8412FAE7CF3F}.Release|Any CPU.ActiveCfg = Release|Any CPU
		{4FBF4FAA-BC18-42B0-AEE7-8412FAE7CF3F}.Release|Any CPU.Build.0 = Release|Any CPU
	EndGlobalSection
	GlobalSection(SolutionProperties) = preSolution
		HideSolutionNode = FALSE
	EndGlobalSection
	GlobalSection(NestedProjects) = preSolution
		{4FBF4FAA-BC18-42B0-AEE7-8412FAE7CF3F} = {945A1A3F-083B-48BD-B644-0F59143A6D11}
	EndGlobalSection
	GlobalSection(ExtensibilityGlobals) = postSolution
		SolutionGuid = {BC518C84-2BBE-4324-98F6-53AF6B695247}
	EndGlobalSection
EndGlobal
